
Microsoft Visual Studio Solution File, Format Version 12.00
# Visual Studio 15
VisualStudioVersion = 15.0.27130.2024
MinimumVisualStudioVersion = 10.0.40219.1
Project("{FAE04EC0-301F-11D3-BF4B-00C04F79EFBC}") = "PVPAssister", "PVPAssister\PVPAssister.csproj", "{46AEB0E0-8E45-46BB-B6EE-974478DA71FF}"
EndProject
Global
	GlobalSection(SolutionConfigurationPlatforms) = preSolution
		Debug|Any CPU = Debug|Any CPU
		Release|Any CPU = Release|Any CPU
	EndGlobalSection
	GlobalSection(ProjectConfigurationPlatforms) = postSolution
		{46AEB0E0-8E45-46BB-B6EE-974478DA71FF}.Debug|Any CPU.ActiveCfg = Debug|Any CPU
		{46AEB0E0-8E45-46BB-B6EE-974478DA71FF}.Debug|Any CPU.Build.0 = Debug|Any CPU
		{46AEB0E0-8E45-46BB-B6EE-974478DA71FF}.Release|Any CPU.ActiveCfg = Release|Any CPU
		{46AEB0E0-8E45-46BB-B6EE-974478DA71FF}.Release|Any CPU.Build.0 = Release|Any CPU
	EndGlobalSection
	GlobalSection(SolutionProperties) = preSolution
		HideSolutionNode = FALSE
	EndGlobalSection
	GlobalSection(ExtensibilityGlobals) = postSolution
		SolutionGuid = {F1B266B8-635C-4873-BF1D-FE139E78BA77}
	EndGlobalSection
EndGlobal
